{
  "name": "rotterdam",
  "version": "1.0.0",
  "lockfileVersion": 3,
  "requires": true,
  "packages": {
    "": {
      "name": "rotterdam",
      "version": "1.0.0",
      "dependencies": {
        "fitty": "^2.4.2",
        "reveal.js": "^6.0.2"
      }
    },
    "node_modules/fitty": {
      "version": "2.4.2",
      "resolved": "https://registry.npmjs.org/fitty/-/fitty-2.4.2.tgz",
      "integrity": "sha512-GNhWgImK4+wEkgEZjBkQMyu5NLSmmryg/CaRP7zYby+TWzCrUou6BHL+iqbjKzJRXMyzuJkH+LBB1+lh4oO77g==",
      "license": "MIT"
    },
    "node_modules/reveal.js": {
      "version": "6.0.2",
      "resolved": "https://registry.npmjs.org/reveal.js/-/reveal.js-6.0.2.tgz",
      "integrity": "sha512-JYIg5D9aoxoaLeb84O+OvAwsKWdIavVgEDScxtYEXFCT6t6TQrhNtSgogcjdCpdLsWglhJn3zyE3fUOwiH5KEg==",
      "license": "MIT"
    }
  }
}
